// !$*UTF8*$!
{
	archiveVersion = 1;
	classes = {
	};
	objectVersion = 46;
	objects = {

/* Begin PBXBuildFile section */
		3E29636B1E7FBDD900F98D2A /* AppDelegate.swift in Sources */ = {isa = PBXBuildFile; fileRef = 3E29636A1E7FBDD900F98D2A /* AppDelegate.swift */; };
		3E29636D1E7FBDD900F98D2A /* ViewController.swift in Sources */ = {isa = PBXBuildFile; fileRef = 3E29636C1E7FBDD900F98D2A /* ViewController.swift */; };
		3E2963701E7FBDD900F98D2A /* Main.storyboard in Resources */ = {isa = PBXBuildFile; fileRef = 3E29636E1E7FBDD900F98D2A /* Main.storyboard */; };
		3E2963721E7FBDD900F98D2A /* Assets.xcassets in Resources */ = {isa = PBXBuildFile; fileRef = 3E2963711E7FBDD900F98D2A /* Assets.xcassets */; };
		3E2963751E7FBDD900F98D2A /* LaunchScreen.storyboard in Resources */ = {isa = PBXBuildFile; fileRef = 3E2963731E7FBDD900F98D2A /* LaunchScreen.storyboard */; };
		3E29637F1E7FC90600F98D2A /* Photos in Resources */ = {isa = PBXBuildFile; fileRef = 3E29637E1E7FC90600F98D2A /* Photos */; };
		3E643B6A21C2D2C0001304C8 /* Ken-Burns.jpg in Resources */ = {isa = PBXBuildFile; fileRef = 3E643B6921C2D2C0001304C8 /* Ken-Burns.jpg */; };
		3E9E1E601EEA54870098BE8D /* KBEView.swift in Sources */ = {isa = PBXBuildFile; fileRef = 3E9E1E5F1EEA54870098BE8D /* KBEView.swift */; };
		3E9E1E621EEA58160098BE8D /* Utils.swift in Sources */ = {isa = PBXBuildFile; fileRef = 3E9E1E611EEA58160098BE8D /* Utils.swift */; };
/* End PBXBuildFile section */

/* Begin PBXFileReference section */
		3E2963671E7FBDD900F98D2A /* KenBurnsEffect.app */ = {isa = PBXFileReference; explicitFileType = wrapper.application; includeInIndex = 0; path = KenBurnsEffect.app; sourceTree = BUILT_PRODUCTS_DIR; };
		3E29636A1E7FBDD900F98D2A /* AppDelegate.swift */ = {isa = PBXFileReference; lastKnownFileType = sourcecode.swift; path = AppDelegate.swift; sourceTree = "<group>"; };
		3E29636C1E7FBDD900F98D2A /* ViewController.swift */ = {isa = PBXFileReference; lastKnownFileType = sourcecode.swift; path = ViewController.swift; sourceTree = "<group>"; };
		3E29636F1E7FBDD900F98D2A /* Base */ = {isa = PBXFileReference; lastKnownFileType = file.storyboard; name = Base; path = Base.lproj/Main.storyboard; sourceTree = "<group>"; };
		3E2963711E7FBDD900F98D2A /* Assets.xcassets */ = {isa = PBXFileReference; lastKnownFileType = folder.assetcatalog; path = Assets.xcassets; sourceTree = "<group>"; };
		3E2963741E7FBDD900F98D2A /* Base */ = {isa = PBXFileReference; lastKnownFileType = file.storyboard; name = Base; path = Base.lproj/LaunchScreen.storyboard; sourceTree = "<group>"; };
		3E2963761E7FBDD900F98D2A /* Info.plist */ = {isa = PBXFileReference; lastKnownFileType = text.plist.xml; path = Info.plist; sourceTree = "<group>"; };
		3E29637E1E7FC90600F98D2A /* Photos */ = {isa = PBXFileReference; lastKnownFileType = folder; path = Photos; sourceTree = "<group>"; };
		3E643B6921C2D2C0001304C8 /* Ken-Burns.jpg */ = {isa = PBXFileReference; lastKnownFileType = image.jpeg; path = "Ken-Burns.jpg"; sourceTree = "<group>"; };
		3E9E1E5F1EEA54870098BE8D /* KBEView.swift */ = {isa = PBXFileReference; lastKnownFileType = sourcecode.swift; path = KBEView.swift; sourceTree = "<group>"; };
		3E9E1E611EEA58160098BE8D /* Utils.swift */ = {isa = PBXFileReference; lastKnownFileType = sourcecode.swift; path = Utils.swift; sourceTree = "<group>"; };
/* End PBXFileReference section */

/* Begin PBXFrameworksBuildPhase section */
		3E2963641E7FBDD900F98D2A /* Frameworks */ = {
			isa = PBXFrameworksBuildPhase;
			buildActionMask = 2147483647;
			files = (
			);
			runOnlyForDeploymentPostprocessing = 0;
		};
/* End PBXFrameworksBuildPhase section */

/* Begin PBXGroup section */
		3E29635E1E7FBDD900F98D2A = {
			isa = PBXGroup;
			children = (
				3E2963691E7FBDD900F98D2A /* KenBurnsEffect */,
				3E2963681E7FBDD900F98D2A /* Products */,
			);
			sourceTree = "<group>";
		};
		3E2963681E7FBDD900F98D2A /* Products */ = {
			isa = PBXGroup;
			children = (
				3E2963671E7FBDD900F98D2A /* KenBurnsEffect.app */,
			);
			name = Products;
			sourceTree = "<group>";
		};
		3E2963691E7FBDD900F98D2A /* KenBurnsEffect */ = {
			isa = PBXGroup;
			children = (
				3E29636A1E7FBDD900F98D2A /* AppDelegate.swift */,
				3E29636C1E7FBDD900F98D2A /* ViewController.swift */,
				3E9E1E5F1EEA54870098BE8D /* KBEView.swift */,
				3E29636E1E7FBDD900F98D2A /* Main.storyboard */,
				3E2963711E7FBDD900F98D2A /* Assets.xcassets */,
				3E29637E1E7FC90600F98D2A /* Photos */,
				3E2963731E7FBDD900F98D2A /* LaunchScreen.storyboard */,
				3E643B6921C2D2C0001304C8 /* Ken-Burns.jpg */,
				3E2963761E7FBDD900F98D2A /* Info.plist */,
				3E9E1E611EEA58160098BE8D /* Utils.swift */,
			);
			path = KenBurnsEffect;
			sourceTree = "<group>";
		};
/* End PBXGroup section */

/* Begin PBXNativeTarget section */
		3E2963661E7FBDD900F98D2A /* KenBurnsEffect */ = {
			isa = PBXNativeTarget;
			buildConfigurationList = 3E2963791E7FBDD900F98D2A /* Build configuration list for PBXNativeTarget "KenBurnsEffect" */;
			buildPhases = (
				3E2963631E7FBDD900F98D2A /* Sources */,
				3E2963641E7FBDD900F98D2A /* Frameworks */,
				3E2963651E7FBDD900F98D2A /* Resources */,
			);
			buildRules = (
			);
			dependencies = (
			);
			name = KenBurnsEffect;
			productName = KenBurnsEffect;
			productReference = 3E2963671E7FBDD900F98D2A /* KenBurnsEffect.app */;
			productType = "com.apple.product-type.application";
		};
/* End PBXNativeTarget section */

/* Begin PBXProject section */
		3E29635F1E7FBDD900F98D2A /* Project object */ = {
			isa = PBXProject;
			attributes = {
				LastSwiftUpdateCheck = 0820;
				LastUpgradeCheck = 0930;
				ORGANIZATIONNAME = "Gary Hanson";
				TargetAttributes = {
					3E2963661E7FBDD900F98D2A = {
						CreatedOnToolsVersion = 8.2.1;
						LastSwiftMigration = 0900;
						ProvisioningStyle = Manual;
					};
				};
			};
			buildConfigurationList = 3E2963621E7FBDD900F98D2A /* Build configuration list for PBXProject "KenBurnsEffect" */;
			compatibilityVersion = "Xcode 3.2";
			developmentRegion = English;
			hasScannedForEncodings = 0;
			knownRegions = (
				en,
				Base,
			);
			mainGroup = 3E29635E1E7FBDD900F98D2A;
			productRefGroup = 3E2963681E7FBDD900F98D2A /* Products */;
			projectDirPath = "";
			projectRoot = "";
			targets = (
				3E2963661E7FBDD900F98D2A /* KenBurnsEffect */,
			);
		};
/* End PBXProject section */

/* Begin PBXResourcesBuildPhase section */
		3E2963651E7FBDD900F98D2A /* Resources */ = {
			isa = PBXResourcesBuildPhase;
			buildActionMask = 2147483647;
			files = (
				3E2963751E7FBDD900F98D2A /* LaunchScreen.storyboard in Resources */,
				3E643B6A21C2D2C0001304C8 /* Ken-Burns.jpg in Resources */,
				3E2963721E7FBDD900F98D2A /* Assets.xcassets in Resources */,
				3E2963701E7FBDD900F98D2A /* Main.storyboard in Resources */,
				3E29637F1E7FC90600F98D2A /* Photos in Resources */,
			);
			runOnlyForDeploymentPostprocessing = 0;
		};
/* End PBXResourcesBuildPhase section */

/* Begin PBXSourcesBuildPhase section */
		3E2963631E7FBDD900F98D2A /* Sources */ = {
			isa = PBXSourcesBuildPhase;
			buildActionMask = 2147483647;
			files = (
				3E9E1E621EEA58160098BE8D /* Utils.swift in Sources */,
				3E29636D1E7FBDD900F98D2A /* ViewController.swift in Sources */,
				3E29636B1E7FBDD900F98D2A /* AppDelegate.swift in Sources */,
				3E9E1E601EEA54870098BE8D /* KBEView.swift in Sources */,
			);
			runOnlyForDeploymentPostprocessing = 0;
		};
/* End PBXSourcesBuildPhase section */

/* Begin PBXVariantGroup section */
		3E29636E1E7FBDD900F98D2A /* Main.storyboard */ = {
			isa = PBXVariantGroup;
			children = (
				3E29636F1E7FBDD900F98D2A /* Base */,
			);
			name = Main.storyboard;
			sourceTree = "<group>";
		};
		3E2963731E7FBDD900F98D2A /* LaunchScreen.storyboard */ = {
			isa = PBXVariantGroup;
			children = (
				3E2963741E7FBDD900F98D2A /* Base */,
			);
			name = LaunchScreen.storyboard;
			sourceTree = "<group>";
		};
/* End PBXVariantGroup section */

/* Begin XCBuildConfiguration section */
		3E2963771E7FBDD900F98D2A /* Debug */ = {
			isa = XCBuildConfiguration;
			buildSettings = {
				ALWAYS_SEARCH_USER_PATHS = NO;
				CLANG_ANALYZER_NONNULL = YES;
				CLANG_CXX_LANGUAGE_STANDARD = "gnu++0x";
				CLANG_CXX_LIBRARY = "libc++";
				CLANG_ENABLE_MODULES = YES;
				CLANG_ENABLE_OBJC_ARC = YES;
				CLANG_WARN_BLOCK_CAPTURE_AUTORELEASING = YES;
				CLANG_WARN_BOOL_CONVERSION = YES;
				CLANG_WARN_COMMA = YES;
				CLANG_WARN_CONSTANT_CONVERSION = YES;
				CLANG_WARN_DEPRECATED_OBJC_IMPLEMENTATIONS = YES;
				CLANG_WARN_DIRECT_OBJC_ISA_USAGE = YES_ERROR;
				CLANG_WARN_DOCUMENTATION_COMMENTS = YES;
				CLANG_WARN_EMPTY_BODY = YES;
				CLANG_WARN_ENUM_CONVERSION = YES;
				CLANG_WARN_INFINITE_RECURSION = YES;
				CLANG_WARN_INT_CONVERSION = YES;
				CLANG_WARN_NON_LITERAL_NULL_CONVERSION = YES;
				CLANG_WARN_OBJC_IMPLICIT_RETAIN_SELF = YES;
				CLANG_WARN_OBJC_LITERAL_CONVERSION = YES;
				CLANG_WARN_OBJC_ROOT_CLASS = YES_ERROR;
				CLANG_WARN_RANGE_LOOP_ANALYSIS = YES;
				CLANG_WARN_STRICT_PROTOTYPES = YES;
				CLANG_WARN_SUSPICIOUS_MOVE = YES;
				CLANG_WARN_UNREACHABLE_CODE = YES;
				CLANG_WARN__DUPLICATE_METHOD_MATCH = YES;
				"CODE_SIGN_IDENTITY[sdk=iphoneos*]" = "iPhone Developer";
				COPY_PHASE_STRIP = NO;
				DEBUG_INFORMATION_FORMAT = dwarf;
				ENABLE_STRICT_OBJC_MSGSEND = YES;
				ENABLE_TESTABILITY = YES;
				GCC_C_LANGUAGE_STANDARD = gnu99;
				GCC_DYNAMIC_NO_PIC = NO;
				GCC_NO_COMMON_BLOCKS = YES;
				GCC_OPTIMIZATION_LEVEL = 0;
				GCC_PREPROCESSOR_DEFINITIONS = (
					"DEBUG=1",
					"$(inherited)",
				);
				GCC_WARN_64_TO_32_BIT_CONVERSION = YES;
				GCC_WARN_ABOUT_RETURN_TYPE = YES_ERROR;
				GCC_WARN_UNDECLARED_SELECTOR = YES;
				GCC_WARN_UNINITIALIZED_AUTOS = YES_AGGRESSIVE;
				GCC_WARN_UNUSED_FUNCTION = YES;
				GCC_WARN_UNUSED_VARIABLE = YES;
				IPHONEOS_DEPLOYMENT_TARGET = 11.0;
				MTL_ENABLE_DEBUG_INFO = YES;
				ONLY_ACTIVE_ARCH = YES;
				SDKROOT = iphoneos;
				SWIFT_ACTIVE_COMPILATION_CONDITIONS = DEBUG;
				SWIFT_OPTIMIZATION_LEVEL = "-Onone";
				SWIFT_SWIFT3_OBJC_INFERENCE = Off;
				SWIFT_VERSION = 4.0;
				TARGETED_DEVICE_FAMILY = "1,2";
			};
			name = Debug;
		};
		3E2963781E7FBDD900F98D2A /* Release */ = {
			isa = XCBuildConfiguration;
			buildSettings = {
				ALWAYS_SEARCH_USER_PATHS = NO;
				CLANG_ANALYZER_NONNULL = YES;
				CLANG_CXX_LANGUAGE_STANDARD = "gnu++0x";
				CLANG_CXX_LIBRARY = "libc++";
				CLANG_ENABLE_MODULES = YES;
				CLANG_ENABLE_OBJC_ARC = YES;
				CLANG_WARN_BLOCK_CAPTURE_AUTORELEASING = YES;
				CLANG_WARN_BOOL_CONVERSION = YES;
				CLANG_WARN_COMMA = YES;
				CLANG_WARN_CONSTANT_CONVERSION = YES;
				CLANG_WARN_DEPRECATED_OBJC_IMPLEMENTATIONS = YES;
				CLANG_WARN_DIRECT_OBJC_ISA_USAGE = YES_ERROR;
				CLANG_WARN_DOCUMENTATION_COMMENTS = YES;
				CLANG_WARN_EMPTY_BODY = YES;
				CLANG_WARN_ENUM_CONVERSION = YES;
				CLANG_WARN_INFINITE_RECURSION = YES;
				CLANG_WARN_INT_CONVERSION = YES;
				CLANG_WARN_NON_LITERAL_NULL_CONVERSION = YES;
				CLANG_WARN_OBJC_IMPLICIT_RETAIN_SELF = YES;
				CLANG_WARN_OBJC_LITERAL_CONVERSION = YES;
				CLANG_WARN_OBJC_ROOT_CLASS = YES_ERROR;
				CLANG_WARN_RANGE_LOOP_ANALYSIS = YES;
				CLANG_WARN_STRICT_PROTOTYPES = YES;
				CLANG_WARN_SUSPICIOUS_MOVE = YES;
				CLANG_WARN_UNREACHABLE_CODE = YES;
				CLANG_WARN__DUPLICATE_METHOD_MATCH = YES;
				"CODE_SIGN_IDENTITY[sdk=iphoneos*]" = "iPhone Developer";
				COPY_PHASE_STRIP = NO;
				DEBUG_INFORMATION_FORMAT = "dwarf-with-dsym";
				ENABLE_NS_ASSERTIONS = NO;
				ENABLE_STRICT_OBJC_MSGSEND = YES;
				GCC_C_LANGUAGE_STANDARD = gnu99;
				GCC_NO_COMMON_BLOCKS = YES;
				GCC_WARN_64_TO_32_BIT_CONVERSION = YES;
				GCC_WARN_ABOUT_RETURN_TYPE = YES_ERROR;
				GCC_WARN_UNDECLARED_SELECTOR = YES;
				GCC_WARN_UNINITIALIZED_AUTOS = YES_AGGRESSIVE;
				GCC_WARN_UNUSED_FUNCTION = YES;
				GCC_WARN_UNUSED_VARIABLE = YES;
				IPHONEOS_DEPLOYMENT_TARGET = 11.0;
				MTL_ENABLE_DEBUG_INFO = NO;
				SDKROOT = iphoneos;
				SWIFT_OPTIMIZATION_LEVEL = "-Owholemodule";
				SWIFT_SWIFT3_OBJC_INFERENCE = Off;
				SWIFT_VERSION = 4.0;
				TARGETED_DEVICE_FAMILY = "1,2";
				VALIDATE_PRODUCT = YES;
			};
			name = Release;
		};
		3E29637A1E7FBDD900F98D2A /* Debug */ = {
			isa = XCBuildConfiguration;
			buildSettings = {
				ASSETCATALOG_COMPILER_APPICON_NAME = AppIcon;
				CODE_SIGN_IDENTITY = "iPhone Developer";
				CODE_SIGN_STYLE = Manual;
				DEVELOPMENT_TEAM = "";
				INFOPLIST_FILE = KenBurnsEffect/Info.plist;
				IPHONEOS_DEPLOYMENT_TARGET = 11.0;
				LD_RUNPATH_SEARCH_PATHS = "$(inherited) @executable_path/Frameworks";
				PRODUCT_BUNDLE_IDENTIFIER = com.gary.KenBurnsEffect;
				PRODUCT_NAME = "$(TARGET_NAME)";
				PROVISIONING_PROFILE_SPECIFIER = "";
				SWIFT_SWIFT3_OBJC_INFERENCE = Off;
				SWIFT_VERSION = 4.0;
			};
			name = Debug;
		};
		3E29637B1E7FBDD900F98D2A /* Release */ = {
			isa = XCBuildConfiguration;
			buildSettings = {
				ASSETCATALOG_COMPILER_APPICON_NAME = AppIcon;
				CODE_SIGN_IDENTITY = "iPhone Developer";
				CODE_SIGN_STYLE = Manual;
				DEVELOPMENT_TEAM = "";
				INFOPLIST_FILE = KenBurnsEffect/Info.plist;
				IPHONEOS_DEPLOYMENT_TARGET = 11.0;
				LD_RUNPATH_SEARCH_PATHS = "$(inherited) @executable_path/Frameworks";
				PRODUCT_BUNDLE_IDENTIFIER = com.gary.KenBurnsEffect;
				PRODUCT_NAME = "$(TARGET_NAME)";
				PROVISIONING_PROFILE_SPECIFIER = "";
				SWIFT_SWIFT3_OBJC_INFERENCE = Off;
				SWIFT_VERSION = 4.0;
			};
			name = Release;
		};
/* End XCBuildConfiguration section */

/* Begin XCConfigurationList section */
		3E2963621E7FBDD900F98D2A /* Build configuration list for PBXProject "KenBurnsEffect" */ = {
			isa = XCConfigurationList;
			buildConfigurations = (
				3E2963771E7FBDD900F98D2A /* Debug */,
				3E2963781E7FBDD900F98D2A /* Release */,
			);
			defaultConfigurationIsVisible = 0;
			defaultConfigurationName = Release;
		};
		3E2963791E7FBDD900F98D2A /* Build configuration list for PBXNativeTarget "KenBurnsEffect" */ = {
			isa = XCConfigurationList;
			buildConfigurations = (
				3E29637A1E7FBDD900F98D2A /* Debug */,
				3E29637B1E7FBDD900F98D2A /* Release */,
			);
			defaultConfigurationIsVisible = 0;
			defaultConfigurationName = Release;
		};
/* End XCConfigurationList section */
	};
	rootObject = 3E29635F1E7FBDD900F98D2A /* Project object */;
}
